
Microsoft Visual Studio Solution File, Format Version 12.00
# Visual Studio Version 17
VisualStudioVersion = 17.6.33815.320
MinimumVisualStudioVersion = 10.0.40219.1
Project("{FAE04EC0-301F-11D3-BF4B-00C04F79EFBC}") = "BlazorEcommerce.Server", "Server\BlazorEcommerce.Server.csproj", "{A9C1E3A5-9059-4112-8FFE-8D707E96C7F5}"
EndProject
Project("{FAE04EC0-301F-11D3-BF4B-00C04F79EFBC}") = "BlazorEcommerce.Client", "Client\BlazorEcommerce.Client.csproj", "{C6D12027-2D3C-4613-8344-2AB154F9A2A6}"
EndProject
Project("{FAE04EC0-301F-11D3-BF4B-00C04F79EFBC}") = "BlazorEcommerce.Shared", "Shared\BlazorEcommerce.Shared.csproj", "{40B7770C-DA97-4090-80DE-67A1055ADEFE}"
EndProject
Global
	GlobalSection(SolutionConfigurationPlatforms) = preSolution
		Debug|Any CPU = Debug|Any CPU
		Release|Any CPU = Release|Any CPU
	EndGlobalSection
	GlobalSection(ProjectConfigurationPlatforms) = postSolution
		{A9C1E3A5-9059-4112-8FFE-8D707E96C7F5}.Debug|Any CPU.ActiveCfg = Debug|Any CPU
		{A9C1E3A5-9059-4112-8FFE-8D707E96C7F5}.Debug|Any CPU.Build.0 = Debug|Any CPU
		{A9C1E3A5-9059-4112-8FFE-8D707E96C7F5}.Release|Any CPU.ActiveCfg = Release|Any CPU
		{A9C1E3A5-9059-4112-8FFE-8D707E96C7F5}.Release|Any CPU.Build.0 = Release|Any CPU
		{C6D12027-2D3C-4613-8344-2AB154F9A2A6}.Debug|Any CPU.ActiveCfg = Debug|Any CPU
		{C6D12027-2D3C-4613-8344-2AB154F9A2A6}.Debug|Any CPU.Build.0 = Debug|Any CPU
		{C6D12027-2D3C-4613-8344-2AB154F9A2A6}.Release|Any CPU.ActiveCfg = Release|Any CPU
		{C6D12027-2D3C-4613-8344-2AB154F9A2A6}.Release|Any CPU.Build.0 = Release|Any CPU
		{40B7770C-DA97-4090-80DE-67A1055ADEFE}.Debug|Any CPU.ActiveCfg = Debug|Any CPU
		{40B7770C-DA97-4090-80DE-67A1055ADEFE}.Debug|Any CPU.Build.0 = Debug|Any CPU
		{40B7770C-DA97-4090-80DE-67A1055ADEFE}.Release|Any CPU.ActiveCfg = Release|Any CPU
		{40B7770C-DA97-4090-80DE-67A1055ADEFE}.Release|Any CPU.Build.0 = Release|Any CPU
	EndGlobalSection
	GlobalSection(SolutionProperties) = preSolution
		HideSolutionNode = FALSE
	EndGlobalSection
	GlobalSection(ExtensibilityGlobals) = postSolution
		SolutionGuid = {83AAF5E2-4A34-411E-8AA0-56561600B467}
	EndGlobalSection
EndGlobal
